github.com/joshed-io/reveal-hugo v0.0.0-20241030080325-e191f51d09be h1:v+kEI6Q/q2eGUkUq+ITGsWZ8rpfPvgjYepoQlkDq9b8=
github.com/joshed-io/reveal-hugo v0.0.0-20241030080325-e191f51d09be/go.mod h1:aXqv6sUwk2OVl71kJjJAYl4mWhGNThGp1kJR9+VgPM4=
github.com/kilianpaquier/hugo-primer v0.0.0-20250519202515-167e785c2ebc h1:dDRhYeQEzCDOzTyvUQMqW3n+DcEhA8AiW65dLRRVVIk=
github.com/kilianpaquier/hugo-primer v0.0.0-20250519202515-167e785c2ebc/go.mod h1:H25+8bv38GvDVPWE5tXsgXs19E0nMqd0ab7Pd9ygoys=
github.com/kilianpaquier/hugo-primer v0.0.0-20250525201227-fbb129074e42 h1:pQhYdEtbRhHbIsCf1KbKMPTV7Ak8uUbK041qi/QO3N0=
github.com/kilianpaquier/hugo-primer v0.0.0-20250525201227-fbb129074e42/go.mod h1:H25+8bv38GvDVPWE5tXsgXs19E0nMqd0ab7Pd9ygoys=
github.com/kilianpaquier/hugo-primer v0.0.0-20250527180127-f4c1ff8dee95 h1:CV005Kz1jGBCe50HU4Hc/6tuk7TyTbDEhes3+9Vx14Q=
github.com/kilianpaquier/hugo-primer v0.0.0-20250527180127-f4c1ff8dee95/go.mod h1:H25+8bv38GvDVPWE5tXsgXs19E0nMqd0ab7Pd9ygoys=
github.com/kilianpaquier/hugo-primer v0.0.0-20250527194035-f3891e427e55 h1:gyFE/LttIZIU98ijQ4+MQHyqzkXd72/gZFHJ7E8kzCU=
github.com/kilianpaquier/hugo-primer v0.0.0-20250527194035-f3891e427e55/go.mod h1:H25+8bv38GvDVPWE5tXsgXs19E0nMqd0ab7Pd9ygoys=
github.com/kilianpaquier/hugo-primer v0.0.0-20250527202209-5dc89430347c h1:3eVE78PHRzPqdj3boZtd02qd1sD8r45k3nkFuU7eAcw=
github.com/kilianpaquier/hugo-primer v0.0.0-20250527202209-5dc89430347c/go.mod h1:H25+8bv38GvDVPWE5tXsgXs19E0nMqd0ab7Pd9ygoys=
github.com/kilianpaquier/hugo-primer v0.0.0-20250527203537-a989a739426a h1:kXJLacPJmK0mmhjH3ez515IhGIZCjuQVrLDu/Qjrdow=
github.com/kilianpaquier/hugo-primer v0.0.0-20250527203537-a989a739426a/go.mod h1:H25+8bv38GvDVPWE5tXsgXs19E0nMqd0ab7Pd9ygoys=
