github.com/joshed-io/reveal-hugo v0.0.0-20241030080325-e191f51d09be h1:v+kEI6Q/q2eGUkUq+ITGsWZ8rpfPvgjYepoQlkDq9b8=
github.com/joshed-io/reveal-hugo v0.0.0-20241030080325-e191f51d09be/go.mod h1:aXqv6sUwk2OVl71kJjJAYl4mWhGNThGp1kJR9+VgPM4=
github.com/kilianpaquier/hugo-primer v1.0.6 h1:enlK04tjGmV24Ye327IGWmToc6Fyip/VzMJk3QFFG+g=
github.com/kilianpaquier/hugo-primer v1.0.6/go.mod h1:7LjL8LuzqcEEE/CwrHlp8higD/eDnlBZGG84hH02cSI=
